
Microsoft Visual Studio Solution File, Format Version 12.00
# Visual Studio Version 16
VisualStudioVersion = 16.0.31205.134
MinimumVisualStudioVersion = 10.0.40219.1
Project("{FAE04EC0-301F-11D3-BF4B-00C04F79EFBC}") = "OWASPTop10", "OWASPTop10\OWASPTop10.csproj", "{2729F40F-874F-430D-B186-3258BEA62CD4}"
EndProject
Global
	GlobalSection(SolutionConfigurationPlatforms) = preSolution
		Debug|Any CPU = Debug|Any CPU
		Release|Any CPU = Release|Any CPU
	EndGlobalSection
	GlobalSection(ProjectConfigurationPlatforms) = postSolution
		{2729F40F-874F-430D-B186-3258BEA62CD4}.Debug|Any CPU.ActiveCfg = Debug|Any CPU
		{2729F40F-874F-430D-B186-3258BEA62CD4}.Debug|Any CPU.Build.0 = Debug|Any CPU
		{2729F40F-874F-430D-B186-3258BEA62CD4}.Release|Any CPU.ActiveCfg = Release|Any CPU
		{2729F40F-874F-430D-B186-3258BEA62CD4}.Release|Any CPU.Build.0 = Release|Any CPU
	EndGlobalSection
	GlobalSection(SolutionProperties) = preSolution
		HideSolutionNode = FALSE
	EndGlobalSection
	GlobalSection(ExtensibilityGlobals) = postSolution
		SolutionGuid = {6605DEAF-F92B-4A9F-858C-0A3DD29BDD36}
	EndGlobalSection
EndGlobal
